
Microsoft Visual Studio Solution File, Format Version 12.00
# Visual Studio Version 16
VisualStudioVersion = 16.0.31911.196
MinimumVisualStudioVersion = 10.0.40219.1
Project("{9A19103F-16F7-4668-BE54-9A1E7A4F7556}") = "sample.lambda", "sample.lambda.csproj", "{C7596E08-A205-4CDA-A59B-7234A3AEC1D5}"
EndProject
Project("{9A19103F-16F7-4668-BE54-9A1E7A4F7556}") = "sample.lambda.Tests", "..\sample.lambda.Tests\sample.lambda.Tests.csproj", "{4BD229B8-1A73-4EA6-8373-85D3C7A845ED}"
EndProject
Global
	GlobalSection(SolutionConfigurationPlatforms) = preSolution
		Debug|Any CPU = Debug|Any CPU
		Release|Any CPU = Release|Any CPU
	EndGlobalSection
	GlobalSection(ProjectConfigurationPlatforms) = postSolution
		{C7596E08-A205-4CDA-A59B-7234A3AEC1D5}.Debug|Any CPU.ActiveCfg = Debug|Any CPU
		{C7596E08-A205-4CDA-A59B-7234A3AEC1D5}.Debug|Any CPU.Build.0 = Debug|Any CPU
		{C7596E08-A205-4CDA-A59B-7234A3AEC1D5}.Release|Any CPU.ActiveCfg = Release|Any CPU
		{C7596E08-A205-4CDA-A59B-7234A3AEC1D5}.Release|Any CPU.Build.0 = Release|Any CPU
		{4BD229B8-1A73-4EA6-8373-85D3C7A845ED}.Debug|Any CPU.ActiveCfg = Debug|Any CPU
		{4BD229B8-1A73-4EA6-8373-85D3C7A845ED}.Debug|Any CPU.Build.0 = Debug|Any CPU
		{4BD229B8-1A73-4EA6-8373-85D3C7A845ED}.Release|Any CPU.ActiveCfg = Release|Any CPU
		{4BD229B8-1A73-4EA6-8373-85D3C7A845ED}.Release|Any CPU.Build.0 = Release|Any CPU
	EndGlobalSection
	GlobalSection(SolutionProperties) = preSolution
		HideSolutionNode = FALSE
	EndGlobalSection
	GlobalSection(ExtensibilityGlobals) = postSolution
		SolutionGuid = {B19D2F4E-74E6-455F-9E24-252E3FB7932A}
	EndGlobalSection
EndGlobal
